
Microsoft Visual Studio Solution File, Format Version 12.00
# Visual Studio Version 16
VisualStudioVersion = 16.0.31729.503
MinimumVisualStudioVersion = 10.0.40219.1
Project("{9A19103F-16F7-4668-BE54-9A1E7A4F7556}") = "IdentityPractice", "IdentityPractice.csproj", "{2B1D0A25-CB13-46EC-9796-E97EE580AEF7}"
EndProject
Project("{FAE04EC0-301F-11D3-BF4B-00C04F79EFBC}") = "WebApi", "..\WebApi\WebApi.csproj", "{C3343948-E342-4C98-9B3B-1311D4D6DA53}"
EndProject
Global
	GlobalSection(SolutionConfigurationPlatforms) = preSolution
		Debug|Any CPU = Debug|Any CPU
		Release|Any CPU = Release|Any CPU
	EndGlobalSection
	GlobalSection(ProjectConfigurationPlatforms) = postSolution
		{2B1D0A25-CB13-46EC-9796-E97EE580AEF7}.Debug|Any CPU.ActiveCfg = Debug|Any CPU
		{2B1D0A25-CB13-46EC-9796-E97EE580AEF7}.Debug|Any CPU.Build.0 = Debug|Any CPU
		{2B1D0A25-CB13-46EC-9796-E97EE580AEF7}.Release|Any CPU.ActiveCfg = Release|Any CPU
		{2B1D0A25-CB13-46EC-9796-E97EE580AEF7}.Release|Any CPU.Build.0 = Release|Any CPU
		{C3343948-E342-4C98-9B3B-1311D4D6DA53}.Debug|Any CPU.ActiveCfg = Debug|Any CPU
		{C3343948-E342-4C98-9B3B-1311D4D6DA53}.Debug|Any CPU.Build.0 = Debug|Any CPU
		{C3343948-E342-4C98-9B3B-1311D4D6DA53}.Release|Any CPU.ActiveCfg = Release|Any CPU
		{C3343948-E342-4C98-9B3B-1311D4D6DA53}.Release|Any CPU.Build.0 = Release|Any CPU
	EndGlobalSection
	GlobalSection(SolutionProperties) = preSolution
		HideSolutionNode = FALSE
	EndGlobalSection
	GlobalSection(ExtensibilityGlobals) = postSolution
		SolutionGuid = {12087523-8733-4B66-8864-2876D9167AB0}
	EndGlobalSection
EndGlobal
